
Microsoft Visual Studio Solution File, Format Version 12.00
# Visual Studio Version 17
VisualStudioVersion = 17.13.35825.156 d17.13
MinimumVisualStudioVersion = 10.0.40219.1
Project("{FAE04EC0-301F-11D3-BF4B-00C04F79EFBC}") = "Function", "Function.csproj", "{D1B63B1E-EEF6-41E0-83D7-B005271EFC5F}"
EndProject
Global
	GlobalSection(SolutionConfigurationPlatforms) = preSolution
		Debug|Any CPU = Debug|Any CPU
		Release|Any CPU = Release|Any CPU
	EndGlobalSection
	GlobalSection(ProjectConfigurationPlatforms) = postSolution
		{D1B63B1E-EEF6-41E0-83D7-B005271EFC5F}.Debug|Any CPU.ActiveCfg = Debug|Any CPU
		{D1B63B1E-EEF6-41E0-83D7-B005271EFC5F}.Debug|Any CPU.Build.0 = Debug|Any CPU
		{D1B63B1E-EEF6-41E0-83D7-B005271EFC5F}.Release|Any CPU.ActiveCfg = Release|Any CPU
		{D1B63B1E-EEF6-41E0-83D7-B005271EFC5F}.Release|Any CPU.Build.0 = Release|Any CPU
	EndGlobalSection
	GlobalSection(SolutionProperties) = preSolution
		HideSolutionNode = FALSE
	EndGlobalSection
	GlobalSection(ExtensibilityGlobals) = postSolution
		SolutionGuid = {F37351DD-CD11-41D7-BF23-132E9E5AAFB4}
	EndGlobalSection
EndGlobal
